{
  "name": "quantumultx",
  "version": "1.0.0",
  "lockfileVersion": 1,
  "requires": true,
  "dependencies": {
    "@sindresorhus/is": {
      "version": "4.0.1",
      "resolved": "https://registry.nlark.com/@sindresorhus/is/download/@sindresorhus/is-4.0.1.tgz",
      "integrity": "sha1-0mcp24UPoye3ysxVIiUhlEBCJvU="
    },
    "@szmarczak/http-timer": {
      "version": "4.0.5",
      "resolved": "https://registry.npm.taobao.org/@szmarczak/http-timer/download/@szmarczak/http-timer-4.0.5.tgz",
      "integrity": "sha1-v71QIR6d+lG6B9pYoUzf0zMgUVI=",
      "requires": {
        "defer-to-connect": "^2.0.0"
      }
    },
    "@types/cacheable-request": {
      "version": "6.0.1",
      "resolved": "https://registry.npm.taobao.org/@types/cacheable-request/download/@types/cacheable-request-6.0.1.tgz",
      "integrity": "sha1-XSLz3e0f06hMC761A5p0GcLJGXY=",
      "requires": {
        "@types/http-cache-semantics": "*",
        "@types/keyv": "*",
        "@types/node": "*",
        "@types/responselike": "*"
      }
    },
    "@types/crypto-js": {
      "version": "4.0.1",
      "resolved": "https://registry.npm.taobao.org/@types/crypto-js/download/@types/crypto-js-4.0.1.tgz",
      "integrity": "sha1-OkvSRRiw5sWUDaTiZZ7rLvCAaWM="
    },
    "@types/http-cache-semantics": {
      "version": "4.0.0",
      "resolved": "https://registry.npm.taobao.org/@types/http-cache-semantics/download/@types/http-cache-semantics-4.0.0.tgz",
      "integrity": "sha1-kUB3lzaqJlVjXudW4kZ9eHz+iio="
    },
    "@types/keyv": {
      "version": "3.1.1",
      "resolved": "https://registry.npm.taobao.org/@types/keyv/download/@types/keyv-3.1.1.tgz?cache=0&sync_timestamp=1613379302011&other_urls=https%3A%2F%2Fregistry.npm.taobao.org%2F%40types%2Fkeyv%2Fdownload%2F%40types%2Fkeyv-3.1.1.tgz",
      "integrity": "sha1-5FpFMk/KnatxarEjDuJJyftSz6c=",
      "requires": {
        "@types/node": "*"
      }
    },
    "@types/md5": {
      "version": "2.3.0",
      "resolved": "https://registry.npm.taobao.org/@types/md5/download/@types/md5-2.3.0.tgz",
      "integrity": "sha1-O2piMJEWD03HW+MXPiXyEQ3D+h8=",
      "requires": {
        "@types/node": "*"
      }
    },
    "@types/node": {
      "version": "14.14.25",
      "resolved": "https://registry.npm.taobao.org/@types/node/download/@types/node-14.14.25.tgz",
      "integrity": "sha1-FZZ6e1d/+BOD+biIqmcF1D+7rpM="
    },
    "@types/responselike": {
      "version": "1.0.0",
      "resolved": "https://registry.npm.taobao.org/@types/responselike/download/@types/responselike-1.0.0.tgz?cache=0&sync_timestamp=1613384353624&other_urls=https%3A%2F%2Fregistry.npm.taobao.org%2F%40types%2Fresponselike%2Fdownload%2F%40types%2Fresponselike-1.0.0.tgz",
      "integrity": "sha1-JR9P59FU0rrRJavhtCmyOv0mLik=",
      "requires": {
        "@types/node": "*"
      }
    },
    "cacheable-lookup": {
      "version": "5.0.4",
      "resolved": "https://registry.npm.taobao.org/cacheable-lookup/download/cacheable-lookup-5.0.4.tgz?cache=0&sync_timestamp=1613567617958&other_urls=https%3A%2F%2Fregistry.npm.taobao.org%2Fcacheable-lookup%2Fdownload%2Fcacheable-lookup-5.0.4.tgz",
      "integrity": "sha1-WmuGWyxENXvj1evCpGewMnGacAU="
    },
    "cacheable-request": {
      "version": "7.0.1",
      "resolved": "https://registry.npm.taobao.org/cacheable-request/download/cacheable-request-7.0.1.tgz",
      "integrity": "sha1-BiAxwoViMngu1pSiV/o12pOUKlg=",
      "requires": {
        "clone-response": "^1.0.2",
        "get-stream": "^5.1.0",
        "http-cache-semantics": "^4.0.0",
        "keyv": "^4.0.0",
        "lowercase-keys": "^2.0.0",
        "normalize-url": "^4.1.0",
        "responselike": "^2.0.0"
      }
    },
    "charenc": {
      "version": "0.0.2",
      "resolved": "http://registry.npm.taobao.org/charenc/download/charenc-0.0.2.tgz",
      "integrity": "sha1-wKHS86cJLgN3S/qD8UwPxXkKhmc="
    },
    "clone-response": {
      "version": "1.0.2",
      "resolved": "http://registry.npm.taobao.org/clone-response/download/clone-response-1.0.2.tgz",
      "integrity": "sha1-0dyXOSAxTfZ/vrlCI7TuNQI56Ws=",
      "requires": {
        "mimic-response": "^1.0.0"
      }
    },
    "crypt": {
      "version": "0.0.2",
      "resolved": "http://registry.npm.taobao.org/crypt/download/crypt-0.0.2.tgz",
      "integrity": "sha1-iNf/fsDfuG9xPch7u0LQRNPmxBs="
    },
    "crypto-js": {
      "version": "4.0.0",
      "resolved": "https://registry.npm.taobao.org/crypto-js/download/crypto-js-4.0.0.tgz",
      "integrity": "sha1-KQSrJnep0EKFai6i74DekuSjbcw="
    },
    "decompress-response": {
      "version": "6.0.0",
      "resolved": "https://registry.npm.taobao.org/decompress-response/download/decompress-response-6.0.0.tgz?cache=0&other_urls=https%3A%2F%2Fregistry.npm.taobao.org%2Fdecompress-response%2Fdownload%2Fdecompress-response-6.0.0.tgz",
      "integrity": "sha1-yjh2Et234QS9FthaqwDV7PCcZvw=",
      "requires": {
        "mimic-response": "^3.1.0"
      },
      "dependencies": {
        "mimic-response": {
          "version": "3.1.0",
          "resolved": "https://registry.npm.taobao.org/mimic-response/download/mimic-response-3.1.0.tgz",
          "integrity": "sha1-LR1Zr5wbEpgVrMwsRqAipc4fo8k="
        }
      }
    },
    "defer-to-connect": {
      "version": "2.0.1",
      "resolved": "https://registry.npm.taobao.org/defer-to-connect/download/defer-to-connect-2.0.1.tgz",
      "integrity": "sha1-gBa9tBQ+RjK3ejRJxiNid95SBYc="
    },
    "end-of-stream": {
      "version": "1.4.4",
      "resolved": "https://registry.npm.taobao.org/end-of-stream/download/end-of-stream-1.4.4.tgz",
      "integrity": "sha1-WuZKX0UFe682JuwU2gyl5LJDHrA=",
      "requires": {
        "once": "^1.4.0"
      }
    },
    "get-stream": {
      "version": "5.2.0",
      "resolved": "https://registry.npm.taobao.org/get-stream/download/get-stream-5.2.0.tgz",
      "integrity": "sha1-SWaheV7lrOZecGxLe+txJX1uItM=",
      "requires": {
        "pump": "^3.0.0"
      }
    },
    "got": {
      "version": "11.8.2",
      "resolved": "https://registry.npm.taobao.org/got/download/got-11.8.2.tgz?cache=0&sync_timestamp=1614332662884&other_urls=https%3A%2F%2Fregistry.npm.taobao.org%2Fgot%2Fdownload%2Fgot-11.8.2.tgz",
      "integrity": "sha1-ers5Weoowx81dvFXbB7/ziPzNZk=",
      "requires": {
        "@sindresorhus/is": "^4.0.0",
        "@szmarczak/http-timer": "^4.0.5",
        "@types/cacheable-request": "^6.0.1",
        "@types/responselike": "^1.0.0",
        "cacheable-lookup": "^5.0.3",
        "cacheable-request": "^7.0.1",
        "decompress-response": "^6.0.0",
        "http2-wrapper": "^1.0.0-beta.5.2",
        "lowercase-keys": "^2.0.0",
        "p-cancelable": "^2.0.0",
        "responselike": "^2.0.0"
      }
    },
    "http-cache-semantics": {
      "version": "4.1.0",
      "resolved": "https://registry.npm.taobao.org/http-cache-semantics/download/http-cache-semantics-4.1.0.tgz",
      "integrity": "sha1-SekcXL82yblLz81xwj1SSex045A="
    },
    "http2-wrapper": {
      "version": "1.0.3",
      "resolved": "https://registry.npm.taobao.org/http2-wrapper/download/http2-wrapper-1.0.3.tgz",
      "integrity": "sha1-uPVeDB8l1OvQizsMLAeflZCACz0=",
      "requires": {
        "quick-lru": "^5.1.1",
        "resolve-alpn": "^1.0.0"
      }
    },
    "is-buffer": {
      "version": "1.1.6",
      "resolved": "https://registry.npm.taobao.org/is-buffer/download/is-buffer-1.1.6.tgz?cache=0&sync_timestamp=1604429452232&other_urls=https%3A%2F%2Fregistry.npm.taobao.org%2Fis-buffer%2Fdownload%2Fis-buffer-1.1.6.tgz",
      "integrity": "sha1-76ouqdqg16suoTqXsritUf776L4="
    },
    "json-buffer": {
      "version": "3.0.1",
      "resolved": "http://registry.npm.taobao.org/json-buffer/download/json-buffer-3.0.1.tgz",
      "integrity": "sha1-kziAKjDTtmBfvgYT4JQAjKjAWhM="
    },
    "keyv": {
      "version": "4.0.3",
      "resolved": "https://registry.npm.taobao.org/keyv/download/keyv-4.0.3.tgz?cache=0&sync_timestamp=1600337463601&other_urls=https%3A%2F%2Fregistry.npm.taobao.org%2Fkeyv%2Fdownload%2Fkeyv-4.0.3.tgz",
      "integrity": "sha1-TzqpjeJUgDyvzSiWc0EI2qNeQlQ=",
      "requires": {
        "json-buffer": "3.0.1"
      }
    },
    "lowercase-keys": {
      "version": "2.0.0",
      "resolved": "https://registry.npm.taobao.org/lowercase-keys/download/lowercase-keys-2.0.0.tgz",
      "integrity": "sha1-JgPni3tLAAbLyi+8yKMgJVislHk="
    },
    "md5": {
      "version": "2.3.0",
      "resolved": "https://registry.npm.taobao.org/md5/download/md5-2.3.0.tgz",
      "integrity": "sha1-w9qaaq46MLRreww0m4exENw72k8=",
      "requires": {
        "charenc": "0.0.2",
        "crypt": "0.0.2",
        "is-buffer": "~1.1.6"
      }
    },
    "mimic-response": {
      "version": "1.0.1",
      "resolved": "https://registry.npm.taobao.org/mimic-response/download/mimic-response-1.0.1.tgz",
      "integrity": "sha1-SSNTiHju9CBjy4o+OweYeBSHqxs="
    },
    "normalize-url": {
      "version": "4.5.0",
      "resolved": "https://registry.npm.taobao.org/normalize-url/download/normalize-url-4.5.0.tgz",
      "integrity": "sha1-RTNUCH5sqWlXvY9br3U/WYIUISk="
    },
    "once": {
      "version": "1.4.0",
      "resolved": "http://registry.npm.taobao.org/once/download/once-1.4.0.tgz",
      "integrity": "sha1-WDsap3WWHUsROsF9nFC6753Xa9E=",
      "requires": {
        "wrappy": "1"
      }
    },
    "p-cancelable": {
      "version": "2.1.0",
      "resolved": "https://registry.npm.taobao.org/p-cancelable/download/p-cancelable-2.1.0.tgz",
      "integrity": "sha1-TVHDuR9IPQKg0wB2UyH8o5PXWN0="
    },
    "psl": {
      "version": "1.8.0",
      "resolved": "https://registry.npm.taobao.org/psl/download/psl-1.8.0.tgz",
      "integrity": "sha1-kyb4vPsBOtzABf3/BWrM4CDlHCQ="
    },
    "pump": {
      "version": "3.0.0",
      "resolved": "http://registry.npm.taobao.org/pump/download/pump-3.0.0.tgz",
      "integrity": "sha1-tKIRaBW94vTh6mAjVOjHVWUQemQ=",
      "requires": {
        "end-of-stream": "^1.1.0",
        "once": "^1.3.1"
      }
    },
    "punycode": {
      "version": "2.1.1",
      "resolved": "http://registry.npm.taobao.org/punycode/download/punycode-2.1.1.tgz",
      "integrity": "sha1-tYsBCsQMIsVldhbI0sLALHv0eew="
    },
    "quick-lru": {
      "version": "5.1.1",
      "resolved": "https://registry.npm.taobao.org/quick-lru/download/quick-lru-5.1.1.tgz?cache=0&sync_timestamp=1610610364837&other_urls=https%3A%2F%2Fregistry.npm.taobao.org%2Fquick-lru%2Fdownload%2Fquick-lru-5.1.1.tgz",
      "integrity": "sha1-NmST5rPkKjpoheLpnRj4D7eoyTI="
    },
    "resolve-alpn": {
      "version": "1.1.2",
      "resolved": "https://registry.npm.taobao.org/resolve-alpn/download/resolve-alpn-1.1.2.tgz?cache=0&sync_timestamp=1618513012147&other_urls=https%3A%2F%2Fregistry.npm.taobao.org%2Fresolve-alpn%2Fdownload%2Fresolve-alpn-1.1.2.tgz",
      "integrity": "sha1-MLYM+7DAuNyJeUD+E/4lWvzdTSg="
    },
    "responselike": {
      "version": "2.0.0",
      "resolved": "https://registry.npm.taobao.org/responselike/download/responselike-2.0.0.tgz",
      "integrity": "sha1-JjkbzDF091D5p56sxAoSpcQtdyM=",
      "requires": {
        "lowercase-keys": "^2.0.0"
      }
    },
    "tough-cookie": {
      "version": "4.0.0",
      "resolved": "https://registry.npm.taobao.org/tough-cookie/download/tough-cookie-4.0.0.tgz?cache=0&sync_timestamp=1589682815640&other_urls=https%3A%2F%2Fregistry.npm.taobao.org%2Ftough-cookie%2Fdownload%2Ftough-cookie-4.0.0.tgz",
      "integrity": "sha1-2CIjTuyogvmR8PkIgkrSYi3b7OQ=",
      "requires": {
        "psl": "^1.1.33",
        "punycode": "^2.1.1",
        "universalify": "^0.1.2"
      }
    },
    "universalify": {
      "version": "0.1.2",
      "resolved": "https://registry.npm.taobao.org/universalify/download/universalify-0.1.2.tgz?cache=0&sync_timestamp=1603179967633&other_urls=https%3A%2F%2Fregistry.npm.taobao.org%2Funiversalify%2Fdownload%2Funiversalify-0.1.2.tgz",
      "integrity": "sha1-tkb2m+OULavOzJ1mOcgNwQXvqmY="
    },
    "wrappy": {
      "version": "1.0.2",
      "resolved": "https://registry.nlark.com/wrappy/download/wrappy-1.0.2.tgz?cache=0&sync_timestamp=1619133505879&other_urls=https%3A%2F%2Fregistry.nlark.com%2Fwrappy%2Fdownload%2Fwrappy-1.0.2.tgz",
      "integrity": "sha1-tSQ9jz7BqjXxNkYFvA0QNuMKtp8="
    }
  }
}
